
Microsoft Visual Studio Solution File, Format Version 12.00
# Visual Studio Version 17
VisualStudioVersion = 17.0.31912.275
MinimumVisualStudioVersion = 10.0.40219.1
Project("{9A19103F-16F7-4668-BE54-9A1E7A4F7556}") = "SmoothSailing", "SmoothSailing\SmoothSailing.csproj", "{2BCBAFE1-C794-4EBF-AF1E-AD158DF59E08}"
EndProject
Project("{9A19103F-16F7-4668-BE54-9A1E7A4F7556}") = "SmoothSailing.Tests", "SmoothSailing.Tests\SmoothSailing.Tests.csproj", "{164BB3D2-A8DB-4E85-A2BE-758D8F5646A5}"
EndProject
Project("{2150E333-8FDC-42A3-9474-1A3956D46DE8}") = "Solution Items", "Solution Items", "{87133FA3-F91C-4997-93C7-5FC2FD3339CD}"
	ProjectSection(SolutionItems) = preProject
		.editorconfig = .editorconfig
		Directory.Build.props = Directory.Build.props
		..\.github\workflows\pr-verification.yml = ..\.github\workflows\pr-verification.yml
		..\README.md = ..\README.md
		..\.github\workflows\release.yml = ..\.github\workflows\release.yml
	EndProjectSection
EndProject
Project("{FAE04EC0-301F-11D3-BF4B-00C04F79EFBC}") = "SmoothSailing.MsSql", "SmoothSailing.MsSql\SmoothSailing.MsSql.csproj", "{46F57506-5860-4CAB-B80A-F3F2806A4F45}"
EndProject
Global
	GlobalSection(SolutionConfigurationPlatforms) = preSolution
		Debug|Any CPU = Debug|Any CPU
		Release|Any CPU = Release|Any CPU
	EndGlobalSection
	GlobalSection(ProjectConfigurationPlatforms) = postSolution
		{2BCBAFE1-C794-4EBF-AF1E-AD158DF59E08}.Debug|Any CPU.ActiveCfg = Debug|Any CPU
		{2BCBAFE1-C794-4EBF-AF1E-AD158DF59E08}.Debug|Any CPU.Build.0 = Debug|Any CPU
		{2BCBAFE1-C794-4EBF-AF1E-AD158DF59E08}.Release|Any CPU.ActiveCfg = Release|Any CPU
		{2BCBAFE1-C794-4EBF-AF1E-AD158DF59E08}.Release|Any CPU.Build.0 = Release|Any CPU
		{164BB3D2-A8DB-4E85-A2BE-758D8F5646A5}.Debug|Any CPU.ActiveCfg = Debug|Any CPU
		{164BB3D2-A8DB-4E85-A2BE-758D8F5646A5}.Debug|Any CPU.Build.0 = Debug|Any CPU
		{164BB3D2-A8DB-4E85-A2BE-758D8F5646A5}.Release|Any CPU.ActiveCfg = Release|Any CPU
		{164BB3D2-A8DB-4E85-A2BE-758D8F5646A5}.Release|Any CPU.Build.0 = Release|Any CPU
		{46F57506-5860-4CAB-B80A-F3F2806A4F45}.Debug|Any CPU.ActiveCfg = Debug|Any CPU
		{46F57506-5860-4CAB-B80A-F3F2806A4F45}.Debug|Any CPU.Build.0 = Debug|Any CPU
		{46F57506-5860-4CAB-B80A-F3F2806A4F45}.Release|Any CPU.ActiveCfg = Release|Any CPU
		{46F57506-5860-4CAB-B80A-F3F2806A4F45}.Release|Any CPU.Build.0 = Release|Any CPU
	EndGlobalSection
	GlobalSection(SolutionProperties) = preSolution
		HideSolutionNode = FALSE
	EndGlobalSection
	GlobalSection(ExtensibilityGlobals) = postSolution
		SolutionGuid = {CE84AEB0-54FD-4E27-B941-B668CEF16933}
	EndGlobalSection
EndGlobal
